
Microsoft Visual Studio Solution File, Format Version 12.00
# Visual Studio Version 17
VisualStudioVersion = 17.2.32505.173
MinimumVisualStudioVersion = 10.0.40219.1
Project("{FAE04EC0-301F-11D3-BF4B-00C04F79EFBC}") = "Process monitor app", "Process monitor app\Process monitor app.csproj", "{5A974592-ACD4-44EB-859C-AA072F57CB07}"
EndProject
Global
	GlobalSection(SolutionConfigurationPlatforms) = preSolution
		Debug|Any CPU = Debug|Any CPU
		Release|Any CPU = Release|Any CPU
	EndGlobalSection
	GlobalSection(ProjectConfigurationPlatforms) = postSolution
		{5A974592-ACD4-44EB-859C-AA072F57CB07}.Debug|Any CPU.ActiveCfg = Debug|Any CPU
		{5A974592-ACD4-44EB-859C-AA072F57CB07}.Debug|Any CPU.Build.0 = Debug|Any CPU
		{5A974592-ACD4-44EB-859C-AA072F57CB07}.Release|Any CPU.ActiveCfg = Release|Any CPU
		{5A974592-ACD4-44EB-859C-AA072F57CB07}.Release|Any CPU.Build.0 = Release|Any CPU
	EndGlobalSection
	GlobalSection(SolutionProperties) = preSolution
		HideSolutionNode = FALSE
	EndGlobalSection
	GlobalSection(ExtensibilityGlobals) = postSolution
		SolutionGuid = {5CECC5CA-6D48-41DA-8853-B6141AA2C1FB}
	EndGlobalSection
EndGlobal
